{
  "nodes": {
    "home-manager": {
      "inputs": {
        "nixpkgs": [
          "nixpkgs"
        ]
      },
      "locked": {
        "lastModified": 1720042825,
        "narHash": "sha256-A0vrUB6x82/jvf17qPCpxaM+ulJnD8YZwH9Ci0BsAzE=",
        "owner": "nix-community",
        "repo": "home-manager",
        "rev": "e1391fb22e18a36f57e6999c7a9f966dc80ac073",
        "type": "github"
      },
      "original": {
        "owner": "nix-community",
        "ref": "release-24.05",
        "repo": "home-manager",
        "type": "github"
      }
    },
    "nixpkgs": {
      "locked": {
        "lastModified": 1722987190,
        "narHash": "sha256-68hmex5efCiM2aZlAAEcQgmFI4ZwWt8a80vOeB/5w3A=",
        "owner": "NixOS",
        "repo": "nixpkgs",
        "rev": "21cc704b5e918c5fbf4f9fff22b4ac2681706d90",
        "type": "github"
      },
      "original": {
        "owner": "NixOS",
        "ref": "nixos-24.05",
        "repo": "nixpkgs",
        "type": "github"
      }
    },
    "nixpkgs-stable": {
      "locked": {
        "lastModified": 1722987190,
        "narHash": "sha256-68hmex5efCiM2aZlAAEcQgmFI4ZwWt8a80vOeB/5w3A=",
        "owner": "NixOS",
        "repo": "nixpkgs",
        "rev": "21cc704b5e918c5fbf4f9fff22b4ac2681706d90",
        "type": "github"
      },
      "original": {
        "owner": "NixOS",
        "ref": "nixos-24.05",
        "repo": "nixpkgs",
        "type": "github"
      }
    },
    "nixpkgs-unstable": {
      "locked": {
        "lastModified": 1723175592,
        "narHash": "sha256-M0xJ3FbDUc4fRZ84dPGx5VvgFsOzds77KiBMW/mMTnI=",
        "owner": "NixOS",
        "repo": "nixpkgs",
        "rev": "5e0ca22929f3342b19569b21b2f3462f053e497b",
        "type": "github"
      },
      "original": {
        "owner": "NixOS",
        "ref": "nixos-unstable",
        "repo": "nixpkgs",
        "type": "github"
      }
    },
    "nixpkgs-unstable-fixed": {
      "locked": {
        "lastModified": 1720768451,
        "narHash": "sha256-EYekUHJE2gxeo2pM/zM9Wlqw1Uw2XTJXOSAO79ksc4Y=",
        "owner": "NixOS",
        "repo": "nixpkgs",
        "rev": "7e7c39ea35c5cdd002cd4588b03a3fb9ece6fad9",
        "type": "github"
      },
      "original": {
        "owner": "NixOS",
        "ref": "nixos-unstable",
        "repo": "nixpkgs",
        "type": "github"
      }
    },
    "private-config-dotfiles": {
      "flake": false,
      "locked": {
        "lastModified": 1722620332,
        "narHash": "sha256-JAdlIY9HC5lNET+ikXy23zbzJZOVdl15JACIlypxmkY=",
        "ref": "refs/heads/main",
        "rev": "7b01d51495999a118ad415e252f0bdaa15daee7f",
        "revCount": 4,
        "type": "git",
        "url": "file:/home/yo/Utilities/SystemConfig/nixos-config-dev/private-config/dotfiles"
      },
      "original": {
        "type": "git",
        "url": "file:/home/yo/Utilities/SystemConfig/nixos-config-dev/private-config/dotfiles"
      }
    },
    "private-config-programs": {
      "flake": false,
      "locked": {
        "lastModified": 1724641766,
        "narHash": "sha256-E5Eoieq4N9PAd59n7l5/JPstm2ISxFuhJWsabuYB07o=",
        "ref": "refs/heads/main",
        "rev": "de292dff341a69729a23c342a4b33ce9703e82e2",
        "revCount": 2,
        "type": "git",
        "url": "file:/home/yo/Utilities/SystemConfig/nixos-config-dev/private-config/programs"
      },
      "original": {
        "type": "git",
        "url": "file:/home/yo/Utilities/SystemConfig/nixos-config-dev/private-config/programs"
      }
    },
    "private-config-resources": {
      "flake": false,
      "locked": {
        "lastModified": 1722612438,
        "narHash": "sha256-BeBAh/6p7Z7kJKzqZBFifekn264yHcAoY3vnIrQaoWM=",
        "ref": "refs/heads/main",
        "rev": "fb15563416b80c7de92c7e4140a9fbbdcf22dc3c",
        "revCount": 1,
        "type": "git",
        "url": "file:/home/yo/Utilities/SystemConfig/nixos-config-dev/private-config/resources"
      },
      "original": {
        "type": "git",
        "url": "file:/home/yo/Utilities/SystemConfig/nixos-config-dev/private-config/resources"
      }
    },
    "private-config-secrets": {
      "flake": false,
      "locked": {
        "lastModified": 1722611992,
        "narHash": "sha256-2xhz7tyeGUFYwWCpKN57XGW8S85h4OjKiYCDWaoPJHY=",
        "ref": "refs/heads/main",
        "rev": "13ef37bd2873062cb5c6ae40d9cb4a7d7020c9ab",
        "revCount": 1,
        "type": "git",
        "url": "file:/home/yo/Utilities/SystemConfig/nixos-config-dev/private-config/secrets"
      },
      "original": {
        "type": "git",
        "url": "file:/home/yo/Utilities/SystemConfig/nixos-config-dev/private-config/secrets"
      }
    },
    "root": {
      "inputs": {
        "home-manager": "home-manager",
        "nixpkgs": "nixpkgs",
        "nixpkgs-stable": "nixpkgs-stable",
        "nixpkgs-unstable": "nixpkgs-unstable",
        "nixpkgs-unstable-fixed": "nixpkgs-unstable-fixed",
        "private-config-dotfiles": "private-config-dotfiles",
        "private-config-programs": "private-config-programs",
        "private-config-resources": "private-config-resources",
        "private-config-secrets": "private-config-secrets"
      }
    }
  },
  "root": "root",
  "version": 7
}
